github.com/adrg/xdg v0.4.0 h1:RzRqFcjH4nE5C6oTAxhBtoE2IRyjBSa62SCbyPidvls=
github.com/adrg/xdg v0.4.0/go.mod h1:N6ag73EX4wyxeaoeHctc1mas01KZgsj5tYiAIwqJE/E=
github.com/amitybell/piper-asset v0.0.0-20231030194325-d36a29e3b1fd h1:4MLHn2cCVhzhPLlPO6946h1S0yk3o7Ry1831DEa5EcE=
github.com/amitybell/piper-asset v0.0.0-20231030194325-d36a29e3b1fd/go.mod h1:MiDKnt4NenfcrsVxYAxQW0nu4zjFYQPjGzzLB5MvOz8=
github.com/amitybell/piper-bin-linux v0.0.0-20231117151325-c486c1870357 h1:N/6ZNlbwcIS9iot6kBJZksQFynBaPsSYP0h22FL4D9g=
github.com/amitybell/piper-bin-linux v0.0.0-20231117151325-c486c1870357/go.mod h1:dVR33O0l/AFgQNmZfywfgNZ6qlpCKPhLnn9UpeMMLdM=
github.com/amitybell/piper-bin-windows v0.0.0-20231117151301-f43604aef1ba h1:+FQqUoRAwCjZXMmVUsBXzbWoD7sscD3Tyeq7Kqx610c=
github.com/amitybell/piper-bin-windows v0.0.0-20231117151301-f43604aef1ba/go.mod h1:5Ea0Pc0QdO8FeriIXcqZtHViM2fi589jtFubrjaAk6w=
github.com/amitybell/piper-voice-alan v0.0.0-20231030195550-66f4709c979b h1:KchM8+MkAg9fBbi7OXoDwCSjrRNDQfjnbfG0o0rt9Ic=
github.com/amitybell/piper-voice-alan v0.0.0-20231030195550-66f4709c979b/go.mod h1:5ghO6mSctWNXfDoh3r46HQEMIcPr5DqE5TMYfp5hskY=
github.com/amitybell/piper-voice-jenny v0.0.0-20231030195502-2afb5ebf3c45 h1:V/HZAQuprvdo0xXToxAuTLSwD3YrqRpDZLVBOOD+2aE=
github.com/amitybell/piper-voice-jenny v0.0.0-20231030195502-2afb5ebf3c45/go.mod h1:eKG2Bo69QGTVKKKKApafZr+4v4zk40jYNijh0s8/PzU=
github.com/davecgh/go-spew v1.1.0 h1:ZDRjVQ15GmhC3fiQ8ni8+OwkZQO4DARzQgrnXU1Liz8=
github.com/davecgh/go-spew v1.1.0/go.mod h1:J7Y8YcW2NihsgmVo/mv3lAwl/skON4iLHjSsI+c5H38=
github.com/klauspost/compress v1.17.3 h1:qkRjuerhUU1EmXLYGkSH6EZL+vPSxIrYjLNAK4slzwA=
github.com/klauspost/compress v1.17.3/go.mod h1:/dCuZOvVtNoHsyb+cuJD3itjs3NbnF6KH9zAO4BDxPM=
github.com/pmezard/go-difflib v1.0.0 h1:4DBwDE0NGyQoBHbLQYPwSUPoCMWR5BEzIk/f1lZbAQM=
github.com/pmezard/go-difflib v1.0.0/go.mod h1:iKH77koFhYxTK1pcRnkKkqfTogsbg7gZNVY4sRDYZ/4=
github.com/stretchr/objx v0.1.0/go.mod h1:HFkY916IF+rwdDfMAkV7OtwuqBVzrE8GR6GFx+wExME=
github.com/stretchr/testify v1.7.0 h1:nwc3DEeHmmLAfoZucVR881uASk0Mfjw8xYJ99tb5CcY=
github.com/stretchr/testify v1.7.0/go.mod h1:6Fq8oRcR53rry900zMqJjRRixrwX3KX962/h/Wwjteg=
golang.org/x/sys v0.0.0-20211025201205-69cdffdb9359 h1:2B5p2L5IfGiD7+b9BOoRMC6DgObAVZV+Fsp050NqXik=
golang.org/x/sys v0.0.0-20211025201205-69cdffdb9359/go.mod h1:oPkhp1MJrh7nUepCBck5+mAzfO9JrbApNNgaTdGDITg=
gopkg.in/check.v1 v0.0.0-20161208181325-20d25e280405/go.mod h1:Co6ibVJAznAaIkqp8huTwlJQCZ016jof/cbN4VW5Yz0=
gopkg.in/yaml.v3 v3.0.0-20200313102051-9f266ea9e77c h1:dUUwHk2QECo/6vqA44rthZ8ie2QXMNeKRTHCNY2nXvo=
gopkg.in/yaml.v3 v3.0.0-20200313102051-9f266ea9e77c/go.mod h1:K4uyk7z7BCEPqu6E+C64Yfv1cQ7kz7rIZviUmN+EgEM=
